
Microsoft Visual Studio Solution File, Format Version 12.00
# Visual Studio Version 17
VisualStudioVersion = 17.3.32929.385
MinimumVisualStudioVersion = 10.0.40219.1
Project("{FAE04EC0-301F-11D3-BF4B-00C04F79EFBC}") = "TraveLust", "TraveLust\TraveLust.csproj", "{0B5C1CCF-E9B1-4B45-8DA8-6157CE6D5FC3}"
EndProject
Global
	GlobalSection(SolutionConfigurationPlatforms) = preSolution
		Debug|Any CPU = Debug|Any CPU
		Release|Any CPU = Release|Any CPU
	EndGlobalSection
	GlobalSection(ProjectConfigurationPlatforms) = postSolution
		{0B5C1CCF-E9B1-4B45-8DA8-6157CE6D5FC3}.Debug|Any CPU.ActiveCfg = Debug|Any CPU
		{0B5C1CCF-E9B1-4B45-8DA8-6157CE6D5FC3}.Debug|Any CPU.Build.0 = Debug|Any CPU
		{0B5C1CCF-E9B1-4B45-8DA8-6157CE6D5FC3}.Release|Any CPU.ActiveCfg = Release|Any CPU
		{0B5C1CCF-E9B1-4B45-8DA8-6157CE6D5FC3}.Release|Any CPU.Build.0 = Release|Any CPU
	EndGlobalSection
	GlobalSection(SolutionProperties) = preSolution
		HideSolutionNode = FALSE
	EndGlobalSection
	GlobalSection(ExtensibilityGlobals) = postSolution
		SolutionGuid = {105D1E60-3207-4C1B-B888-AE8EDD3A6547}
	EndGlobalSection
EndGlobal
